// !$*UTF8*$!
{
	archiveVersion = 1;
	classes = {
	};
	objectVersion = 46;
	objects = {

/* Begin PBXBuildFile section */
		56BAF6691FA0624600D8D978 /* AppDelegate.swift in Sources */ = {isa = PBXBuildFile; fileRef = 56BAF6681FA0624600D8D978 /* AppDelegate.swift */; };
		56BAF66B1FA0624600D8D978 /* ViewController.swift in Sources */ = {isa = PBXBuildFile; fileRef = 56BAF66A1FA0624600D8D978 /* ViewController.swift */; };
		56BAF66E1FA0624600D8D978 /* Main.storyboard in Resources */ = {isa = PBXBuildFile; fileRef = 56BAF66C1FA0624600D8D978 /* Main.storyboard */; };
		56BAF6701FA0624600D8D978 /* Assets.xcassets in Resources */ = {isa = PBXBuildFile; fileRef = 56BAF66F1FA0624600D8D978 /* Assets.xcassets */; };
		56BAF6731FA0624600D8D978 /* LaunchScreen.storyboard in Resources */ = {isa = PBXBuildFile; fileRef = 56BAF6711FA0624600D8D978 /* LaunchScreen.storyboard */; };
/* End PBXBuildFile section */

/* Begin PBXFileReference section */
		56BAF6651FA0624600D8D978 /* UploaderChunks.app */ = {isa = PBXFileReference; explicitFileType = wrapper.application; includeInIndex = 0; path = UploaderChunks.app; sourceTree = BUILT_PRODUCTS_DIR; };
		56BAF6681FA0624600D8D978 /* AppDelegate.swift */ = {isa = PBXFileReference; lastKnownFileType = sourcecode.swift; path = AppDelegate.swift; sourceTree = "<group>"; };
		56BAF66A1FA0624600D8D978 /* ViewController.swift */ = {isa = PBXFileReference; lastKnownFileType = sourcecode.swift; path = ViewController.swift; sourceTree = "<group>"; };
		56BAF66D1FA0624600D8D978 /* Base */ = {isa = PBXFileReference; lastKnownFileType = file.storyboard; name = Base; path = Base.lproj/Main.storyboard; sourceTree = "<group>"; };
		56BAF66F1FA0624600D8D978 /* Assets.xcassets */ = {isa = PBXFileReference; lastKnownFileType = folder.assetcatalog; path = Assets.xcassets; sourceTree = "<group>"; };
		56BAF6721FA0624600D8D978 /* Base */ = {isa = PBXFileReference; lastKnownFileType = file.storyboard; name = Base; path = Base.lproj/LaunchScreen.storyboard; sourceTree = "<group>"; };
		56BAF6741FA0624600D8D978 /* Info.plist */ = {isa = PBXFileReference; lastKnownFileType = text.plist.xml; path = Info.plist; sourceTree = "<group>"; };
/* End PBXFileReference section */

/* Begin PBXFrameworksBuildPhase section */
		56BAF6621FA0624600D8D978 /* Frameworks */ = {
			isa = PBXFrameworksBuildPhase;
			buildActionMask = 2147483647;
			files = (
			);
			runOnlyForDeploymentPostprocessing = 0;
		};
/* End PBXFrameworksBuildPhase section */

/* Begin PBXGroup section */
		56BAF65C1FA0624600D8D978 = {
			isa = PBXGroup;
			children = (
				56BAF6671FA0624600D8D978 /* UploaderChunks */,
				56BAF6661FA0624600D8D978 /* Products */,
			);
			sourceTree = "<group>";
		};
		56BAF6661FA0624600D8D978 /* Products */ = {
			isa = PBXGroup;
			children = (
				56BAF6651FA0624600D8D978 /* UploaderChunks.app */,
			);
			name = Products;
			sourceTree = "<group>";
		};
		56BAF6671FA0624600D8D978 /* UploaderChunks */ = {
			isa = PBXGroup;
			children = (
				56BAF6681FA0624600D8D978 /* AppDelegate.swift */,
				56BAF66A1FA0624600D8D978 /* ViewController.swift */,
				56BAF66C1FA0624600D8D978 /* Main.storyboard */,
				56BAF66F1FA0624600D8D978 /* Assets.xcassets */,
				56BAF6711FA0624600D8D978 /* LaunchScreen.storyboard */,
				56BAF6741FA0624600D8D978 /* Info.plist */,
			);
			path = UploaderChunks;
			sourceTree = "<group>";
		};
/* End PBXGroup section */

/* Begin PBXNativeTarget section */
		56BAF6641FA0624600D8D978 /* UploaderChunks */ = {
			isa = PBXNativeTarget;
			buildConfigurationList = 56BAF6771FA0624600D8D978 /* Build configuration list for PBXNativeTarget "UploaderChunks" */;
			buildPhases = (
				56BAF6611FA0624600D8D978 /* Sources */,
				56BAF6621FA0624600D8D978 /* Frameworks */,
				56BAF6631FA0624600D8D978 /* Resources */,
			);
			buildRules = (
			);
			dependencies = (
			);
			name = UploaderChunks;
			productName = UploaderChunks;
			productReference = 56BAF6651FA0624600D8D978 /* UploaderChunks.app */;
			productType = "com.apple.product-type.application";
		};
/* End PBXNativeTarget section */

/* Begin PBXProject section */
		56BAF65D1FA0624600D8D978 /* Project object */ = {
			isa = PBXProject;
			attributes = {
				LastSwiftUpdateCheck = 0830;
				LastUpgradeCheck = 0830;
				ORGANIZATIONNAME = "PRINCE VERMA";
				TargetAttributes = {
					56BAF6641FA0624600D8D978 = {
						CreatedOnToolsVersion = 8.3.3;
						ProvisioningStyle = Automatic;
					};
				};
			};
			buildConfigurationList = 56BAF6601FA0624600D8D978 /* Build configuration list for PBXProject "UploaderChunks" */;
			compatibilityVersion = "Xcode 3.2";
			developmentRegion = English;
			hasScannedForEncodings = 0;
			knownRegions = (
				en,
				Base,
			);
			mainGroup = 56BAF65C1FA0624600D8D978;
			productRefGroup = 56BAF6661FA0624600D8D978 /* Products */;
			projectDirPath = "";
			projectRoot = "";
			targets = (
				56BAF6641FA0624600D8D978 /* UploaderChunks */,
			);
		};
/* End PBXProject section */

/* Begin PBXResourcesBuildPhase section */
		56BAF6631FA0624600D8D978 /* Resources */ = {
			isa = PBXResourcesBuildPhase;
			buildActionMask = 2147483647;
			files = (
				56BAF6731FA0624600D8D978 /* LaunchScreen.storyboard in Resources */,
				56BAF6701FA0624600D8D978 /* Assets.xcassets in Resources */,
				56BAF66E1FA0624600D8D978 /* Main.storyboard in Resources */,
			);
			runOnlyForDeploymentPostprocessing = 0;
		};
/* End PBXResourcesBuildPhase section */

/* Begin PBXSourcesBuildPhase section */
		56BAF6611FA0624600D8D978 /* Sources */ = {
			isa = PBXSourcesBuildPhase;
			buildActionMask = 2147483647;
			files = (
				56BAF66B1FA0624600D8D978 /* ViewController.swift in Sources */,
				56BAF6691FA0624600D8D978 /* AppDelegate.swift in Sources */,
			);
			runOnlyForDeploymentPostprocessing = 0;
		};
/* End PBXSourcesBuildPhase section */

/* Begin PBXVariantGroup section */
		56BAF66C1FA0624600D8D978 /* Main.storyboard */ = {
			isa = PBXVariantGroup;
			children = (
				56BAF66D1FA0624600D8D978 /* Base */,
			);
			name = Main.storyboard;
			sourceTree = "<group>";
		};
		56BAF6711FA0624600D8D978 /* LaunchScreen.storyboard */ = {
			isa = PBXVariantGroup;
			children = (
				56BAF6721FA0624600D8D978 /* Base */,
			);
			name = LaunchScreen.storyboard;
			sourceTree = "<group>";
		};
/* End PBXVariantGroup section */

/* Begin XCBuildConfiguration section */
		56BAF6751FA0624600D8D978 /* Debug */ = {
			isa = XCBuildConfiguration;
			buildSettings = {
				ALWAYS_SEARCH_USER_PATHS = NO;
				CLANG_ANALYZER_NONNULL = YES;
				CLANG_ANALYZER_NUMBER_OBJECT_CONVERSION = YES_AGGRESSIVE;
				CLANG_CXX_LANGUAGE_STANDARD = "gnu++0x";
				CLANG_CXX_LIBRARY = "libc++";
				CLANG_ENABLE_MODULES = YES;
				CLANG_ENABLE_OBJC_ARC = YES;
				CLANG_WARN_BOOL_CONVERSION = YES;
				CLANG_WARN_CONSTANT_CONVERSION = YES;
				CLANG_WARN_DIRECT_OBJC_ISA_USAGE = YES_ERROR;
				CLANG_WARN_DOCUMENTATION_COMMENTS = YES;
				CLANG_WARN_EMPTY_BODY = YES;
				CLANG_WARN_ENUM_CONVERSION = YES;
				CLANG_WARN_INFINITE_RECURSION = YES;
				CLANG_WARN_INT_CONVERSION = YES;
				CLANG_WARN_OBJC_ROOT_CLASS = YES_ERROR;
				CLANG_WARN_SUSPICIOUS_MOVE = YES;
				CLANG_WARN_UNREACHABLE_CODE = YES;
				CLANG_WARN__DUPLICATE_METHOD_MATCH = YES;
				"CODE_SIGN_IDENTITY[sdk=iphoneos*]" = "iPhone Developer";
				COPY_PHASE_STRIP = NO;
				DEBUG_INFORMATION_FORMAT = dwarf;
				ENABLE_STRICT_OBJC_MSGSEND = YES;
				ENABLE_TESTABILITY = YES;
				GCC_C_LANGUAGE_STANDARD = gnu99;
				GCC_DYNAMIC_NO_PIC = NO;
				GCC_NO_COMMON_BLOCKS = YES;
				GCC_OPTIMIZATION_LEVEL = 0;
				GCC_PREPROCESSOR_DEFINITIONS = (
					"DEBUG=1",
					"$(inherited)",
				);
				GCC_WARN_64_TO_32_BIT_CONVERSION = YES;
				GCC_WARN_ABOUT_RETURN_TYPE = YES_ERROR;
				GCC_WARN_UNDECLARED_SELECTOR = YES;
				GCC_WARN_UNINITIALIZED_AUTOS = YES_AGGRESSIVE;
				GCC_WARN_UNUSED_FUNCTION = YES;
				GCC_WARN_UNUSED_VARIABLE = YES;
				IPHONEOS_DEPLOYMENT_TARGET = 10.3;
				MTL_ENABLE_DEBUG_INFO = YES;
				ONLY_ACTIVE_ARCH = YES;
				SDKROOT = iphoneos;
				SWIFT_ACTIVE_COMPILATION_CONDITIONS = DEBUG;
				SWIFT_OPTIMIZATION_LEVEL = "-Onone";
				TARGETED_DEVICE_FAMILY = "1,2";
			};
			name = Debug;
		};
		56BAF6761FA0624600D8D978 /* Release */ = {
			isa = XCBuildConfiguration;
			buildSettings = {
				ALWAYS_SEARCH_USER_PATHS = NO;
				CLANG_ANALYZER_NONNULL = YES;
				CLANG_ANALYZER_NUMBER_OBJECT_CONVERSION = YES_AGGRESSIVE;
				CLANG_CXX_LANGUAGE_STANDARD = "gnu++0x";
				CLANG_CXX_LIBRARY = "libc++";
				CLANG_ENABLE_MODULES = YES;
				CLANG_ENABLE_OBJC_ARC = YES;
				CLANG_WARN_BOOL_CONVERSION = YES;
				CLANG_WARN_CONSTANT_CONVERSION = YES;
				CLANG_WARN_DIRECT_OBJC_ISA_USAGE = YES_ERROR;
				CLANG_WARN_DOCUMENTATION_COMMENTS = YES;
				CLANG_WARN_EMPTY_BODY = YES;
				CLANG_WARN_ENUM_CONVERSION = YES;
				CLANG_WARN_INFINITE_RECURSION = YES;
				CLANG_WARN_INT_CONVERSION = YES;
				CLANG_WARN_OBJC_ROOT_CLASS = YES_ERROR;
				CLANG_WARN_SUSPICIOUS_MOVE = YES;
				CLANG_WARN_UNREACHABLE_CODE = YES;
				CLANG_WARN__DUPLICATE_METHOD_MATCH = YES;
				"CODE_SIGN_IDENTITY[sdk=iphoneos*]" = "iPhone Developer";
				COPY_PHASE_STRIP = NO;
				DEBUG_INFORMATION_FORMAT = "dwarf-with-dsym";
				ENABLE_NS_ASSERTIONS = NO;
				ENABLE_STRICT_OBJC_MSGSEND = YES;
				GCC_C_LANGUAGE_STANDARD = gnu99;
				GCC_NO_COMMON_BLOCKS = YES;
				GCC_WARN_64_TO_32_BIT_CONVERSION = YES;
				GCC_WARN_ABOUT_RETURN_TYPE = YES_ERROR;
				GCC_WARN_UNDECLARED_SELECTOR = YES;
				GCC_WARN_UNINITIALIZED_AUTOS = YES_AGGRESSIVE;
				GCC_WARN_UNUSED_FUNCTION = YES;
				GCC_WARN_UNUSED_VARIABLE = YES;
				IPHONEOS_DEPLOYMENT_TARGET = 10.3;
				MTL_ENABLE_DEBUG_INFO = NO;
				SDKROOT = iphoneos;
				SWIFT_OPTIMIZATION_LEVEL = "-Owholemodule";
				TARGETED_DEVICE_FAMILY = "1,2";
				VALIDATE_PRODUCT = YES;
			};
			name = Release;
		};
		56BAF6781FA0624600D8D978 /* Debug */ = {
			isa = XCBuildConfiguration;
			buildSettings = {
				ASSETCATALOG_COMPILER_APPICON_NAME = AppIcon;
				INFOPLIST_FILE = UploaderChunks/Info.plist;
				LD_RUNPATH_SEARCH_PATHS = "$(inherited) @executable_path/Frameworks";
				PRODUCT_BUNDLE_IDENTIFIER = kelltonTech.UploaderChunks;
				PRODUCT_NAME = "$(TARGET_NAME)";
				SWIFT_VERSION = 3.0;
			};
			name = Debug;
		};
		56BAF6791FA0624600D8D978 /* Release */ = {
			isa = XCBuildConfiguration;
			buildSettings = {
				ASSETCATALOG_COMPILER_APPICON_NAME = AppIcon;
				INFOPLIST_FILE = UploaderChunks/Info.plist;
				LD_RUNPATH_SEARCH_PATHS = "$(inherited) @executable_path/Frameworks";
				PRODUCT_BUNDLE_IDENTIFIER = kelltonTech.UploaderChunks;
				PRODUCT_NAME = "$(TARGET_NAME)";
				SWIFT_VERSION = 3.0;
			};
			name = Release;
		};
/* End XCBuildConfiguration section */

/* Begin XCConfigurationList section */
		56BAF6601FA0624600D8D978 /* Build configuration list for PBXProject "UploaderChunks" */ = {
			isa = XCConfigurationList;
			buildConfigurations = (
				56BAF6751FA0624600D8D978 /* Debug */,
				56BAF6761FA0624600D8D978 /* Release */,
			);
			defaultConfigurationIsVisible = 0;
			defaultConfigurationName = Release;
		};
		56BAF6771FA0624600D8D978 /* Build configuration list for PBXNativeTarget "UploaderChunks" */ = {
			isa = XCConfigurationList;
			buildConfigurations = (
				56BAF6781FA0624600D8D978 /* Debug */,
				56BAF6791FA0624600D8D978 /* Release */,
			);
			defaultConfigurationIsVisible = 0;
		};
/* End XCConfigurationList section */
	};
	rootObject = 56BAF65D1FA0624600D8D978 /* Project object */;
}
